{
  "version": 1,
  "dependencies": {
    "net9.0": {
      "Lucene.Net": {
        "type": "Direct",
        "requested": "[4.8.0-beta00016, )",
        "resolved": "4.8.0-beta00016",
        "contentHash": "DCtUbE/NIrisNI7hRwU+UKS3Cr6S2vH1XB9wvEHHI3anu5OUpX1Fkr/PDC7oFCaol/QCvzVLbLZVizAT1aTLpA==",
        "dependencies": {
          "J2N": "2.0.0",
          "Microsoft.Extensions.Configuration.Abstractions": "2.0.0"
        }
      },
      "Lucene.Net.Analysis.Common": {
        "type": "Direct",
        "requested": "[4.8.0-beta00016, )",
        "resolved": "4.8.0-beta00016",
        "contentHash": "7pjEAIliWdih6E3I0hCE8hKcKKRx1LLzeQBslF1fhvzE1Sal4NyHd8RFJHV1Z+yHlBw4gCyyVIDZADiIoyqwxg==",
        "dependencies": {
          "Lucene.Net": "4.8.0-beta00016"
        }
      },
      "Lucene.Net.QueryParser": {
        "type": "Direct",
        "requested": "[4.8.0-beta00016, )",
        "resolved": "4.8.0-beta00016",
        "contentHash": "5dVvjXmzPaK8GD/eblJopTJMQmO6c6fvVPfBIOw46+jyZR+yESkUnWF1LtLoLXZQNrl4Dx8LKdes5G1QAM7eGA==",
        "dependencies": {
          "Lucene.Net.Analysis.Common": "4.8.0-beta00016",
          "Lucene.Net.Queries": "4.8.0-beta00016",
          "Lucene.Net.Sandbox": "4.8.0-beta00016"
        }
      },
      "Microsoft.Extensions.AI": {
        "type": "Direct",
        "requested": "[10.2.0, )",
        "resolved": "10.2.0",
        "contentHash": "hKLdKfwzwQ30Z5hA1DwHFvJJtRuyPmf41Es6t8DXW4PE/6caWK4qSDRY3i+QYmYbIVXnPlVR5xXQjYNz07giNg==",
        "dependencies": {
          "Microsoft.Extensions.AI.Abstractions": "10.2.0",
          "Microsoft.Extensions.Caching.Abstractions": "10.0.2",
          "Microsoft.Extensions.DependencyInjection.Abstractions": "10.0.2",
          "Microsoft.Extensions.Logging.Abstractions": "10.0.2",
          "System.Diagnostics.DiagnosticSource": "10.0.2",
          "System.Numerics.Tensors": "10.0.2",
          "System.Text.Json": "10.0.2",
          "System.Threading.Channels": "10.0.2"
        }
      },
      "Microsoft.Extensions.AI.OpenAI": {
        "type": "Direct",
        "requested": "[10.2.0-preview.1.26063.2, )",
        "resolved": "10.2.0-preview.1.26063.2",
        "contentHash": "5rySSma4ubLQr5SF8EOeKhpVsWsqVnHE4uT/ezJnNBX779xUMU+/wMqejUvjYw9RsiSc3NwxqmlGNq9TDDJEAg==",
        "dependencies": {
          "Microsoft.Extensions.AI.Abstractions": "10.2.0",
          "OpenAI": "2.8.0",
          "System.Text.Json": "10.0.2"
        }
      },
      "Microsoft.Extensions.Hosting": {
        "type": "Direct",
        "requested": "[8.0.0, )",
        "resolved": "8.0.0",
        "contentHash": "ItYHpdqVp5/oFLT5QqbopnkKlyFG9EW/9nhM6/yfObeKt6Su0wkBio6AizgRHGNwhJuAtlE5VIjow5JOTrip6w==",
        "dependencies": {
          "Microsoft.Extensions.Configuration": "8.0.0",
          "Microsoft.Extensions.Configuration.Abstractions": "8.0.0",
          "Microsoft.Extensions.Configuration.Binder": "8.0.0",
          "Microsoft.Extensions.Configuration.CommandLine": "8.0.0",
          "Microsoft.Extensions.Configuration.EnvironmentVariables": "8.0.0",
          "Microsoft.Extensions.Configuration.FileExtensions": "8.0.0",
          "Microsoft.Extensions.Configuration.Json": "8.0.0",
          "Microsoft.Extensions.Configuration.UserSecrets": "8.0.0",
          "Microsoft.Extensions.DependencyInjection": "8.0.0",
          "Microsoft.Extensions.DependencyInjection.Abstractions": "8.0.0",
          "Microsoft.Extensions.Diagnostics": "8.0.0",
          "Microsoft.Extensions.FileProviders.Abstractions": "8.0.0",
          "Microsoft.Extensions.FileProviders.Physical": "8.0.0",
          "Microsoft.Extensions.Hosting.Abstractions": "8.0.0",
          "Microsoft.Extensions.Logging": "8.0.0",
          "Microsoft.Extensions.Logging.Abstractions": "8.0.0",
          "Microsoft.Extensions.Logging.Configuration": "8.0.0",
          "Microsoft.Extensions.Logging.Console": "8.0.0",
          "Microsoft.Extensions.Logging.Debug": "8.0.0",
          "Microsoft.Extensions.Logging.EventLog": "8.0.0",
          "Microsoft.Extensions.Logging.EventSource": "8.0.0",
          "Microsoft.Extensions.Options": "8.0.0"
        }
      },
      "Microsoft.Extensions.Http.Resilience": {
        "type": "Direct",
        "requested": "[9.0.0, )",
        "resolved": "9.0.0",
        "contentHash": "XkzXX1r+J6wxzR9jLZtJhW+h2x3Ff/hgwVBS9hrzAS7CUFaQgL+oYTAFiP6fyp93ruDxx0rDi/kGzy3KWUDCiQ==",
        "dependencies": {
          "Microsoft.Extensions.Configuration.Binder": "9.0.0",
          "Microsoft.Extensions.Http.Diagnostics": "9.0.0",
          "Microsoft.Extensions.ObjectPool": "9.0.0",
          "Microsoft.Extensions.Resilience": "9.0.0"
        }
      },
      "Microsoft.Extensions.VectorData.Abstractions": {
        "type": "Direct",
        "requested": "[9.7.0, )",
        "resolved": "9.7.0",
        "contentHash": "Vth/omSCX2vR0JabzSRU/hdPhr0CvUVZlaS2lJPWHrEwvak8ntrQLDtLMtMiWKSvviGBe/WmjUW8gA3qqn9tjw==",
        "dependencies": {
          "Microsoft.Extensions.AI.Abstractions": "9.5.0"
        }
      },
      "Microsoft.SemanticKernel.Connectors.SqliteVec": {
        "type": "Direct",
        "requested": "[1.68.0-preview, )",
        "resolved": "1.68.0-preview",
        "contentHash": "9OVxQRSmnY8oq8X4sCseR8T/GoXriwzDUqHUrdJIE/+t8pg2KNqoIi5APB1fIp876L95ykjm1PbL3WhIBimOVQ==",
        "dependencies": {
          "Microsoft.Data.Sqlite": "9.0.10",
          "Microsoft.Extensions.AI.Abstractions": "10.0.1",
          "Microsoft.Extensions.DependencyInjection.Abstractions": "10.0.0",
          "Microsoft.Extensions.VectorData.Abstractions": "9.7.0",
          "System.Linq.AsyncEnumerable": "10.0.0",
          "System.Numerics.Tensors": "10.0.0",
          "sqlite-vec": "0.1.7-alpha.2.1"
        }
      },
      "ModelContextProtocol": {
        "type": "Direct",
        "requested": "[0.3.0-preview.4, )",
        "resolved": "0.3.0-preview.4",
        "contentHash": "W+fBq9ZJwgmcThMH0xHpwlC51TsnlJHrlnot2cG5ryzKcpOI40IP1R9s55fGvE8ivhSAQ4/s7BuTIWCqda/s6w==",
        "dependencies": {
          "Microsoft.Extensions.Hosting.Abstractions": "9.0.5",
          "ModelContextProtocol.Core": "0.3.0-preview.4"
        }
      },
      "OpenAI": {
        "type": "Direct",
        "requested": "[2.8.0, )",
        "resolved": "2.8.0",
        "contentHash": "KcYpZ9IhuxFD2hGAJlL5vABtkr00CjeJU0SY8CjZQyzvzkzLop8jhdX3iDvteVJg6e3y4TEiY+Kti4gDJAagnA==",
        "dependencies": {
          "System.ClientModel": "1.8.1",
          "System.Net.ServerSentEvents": "9.0.9"
        }
      },
      "System.CommandLine": {
        "type": "Direct",
        "requested": "[2.0.0-beta4.22272.1, )",
        "resolved": "2.0.0-beta4.22272.1",
        "contentHash": "1uqED/q2H0kKoLJ4+hI2iPSBSEdTuhfCYADeJrAqERmiGQ2NNacYKRNEQ+gFbU4glgVyK8rxI+ZOe1onEtr/Pg=="
      },
      "J2N": {
        "type": "Transitive",
        "resolved": "2.0.0",
        "contentHash": "M5bwDajAARZiyqupU+rHQJnsVLxNBOHJ8vKYHd8LcLIb1FgLfzzcJvc31Qo5Xz/GEHFjDF9ScjKL/ks/zRTXuA=="
      },
      "Lucene.Net.Queries": {
        "type": "Transitive",
        "resolved": "4.8.0-beta00016",
        "contentHash": "XBzdMDlan68V2ZlhAlP8Fd+Xx2Le8ec7cEN1kFF45Sipa3Q8L/tilJfwS9VHvMTvGkwPM/yj62eGbfGBgIMR8Q==",
        "dependencies": {
          "Lucene.Net": "4.8.0-beta00016"
        }
      },
      "Lucene.Net.Sandbox": {
        "type": "Transitive",
        "resolved": "4.8.0-beta00016",
        "contentHash": "wMsRZtbNx0wvX3mtNjpOwQmKx3Ij4UGHWIYHbvnzMWlPUTgtOpYSj02REL4hOxI71WBZylpGB5EWfQ2eEld63g==",
        "dependencies": {
          "Lucene.Net": "4.8.0-beta00016"
        }
      },
      "Microsoft.Data.Sqlite": {
        "type": "Transitive",
        "resolved": "9.0.10",
        "contentHash": "1waeeEEM/Dp5l2laUByEEWfd6qyI00HExDduhLKGT2kPnHArjIDcMf2z9HIjeLPoR56iBHhvXTfAv1hiH/wAAQ==",
        "dependencies": {
          "Microsoft.Data.Sqlite.Core": "9.0.10",
          "SQLitePCLRaw.bundle_e_sqlite3": "2.1.10",
          "SQLitePCLRaw.core": "2.1.10"
        }
      },
      "Microsoft.Data.Sqlite.Core": {
        "type": "Transitive",
        "resolved": "9.0.10",
        "contentHash": "tWbN2uzG4uBxxMjcHA3Oa9ecAYjyRTfDwRbgQ7ueyx7eEgyYbBiKADY2rllF8wO3dHUvN+/8fgylwSGMfiCtVg==",
        "dependencies": {
          "SQLitePCLRaw.core": "2.1.10"
        }
      },
      "Microsoft.Extensions.AI.Abstractions": {
        "type": "Transitive",
        "resolved": "10.2.0",
        "contentHash": "ONGlIBht0ygEdKc0bCt9XWUiq19/460dAu7fCKzPM34OFJSMQIohEDTJwjCJ8vVp8znNakloc9xFF9+R/eDCYQ==",
        "dependencies": {
          "System.Text.Json": "10.0.2"
        }
      },
      "Microsoft.Extensions.AmbientMetadata.Application": {
        "type": "Transitive",
        "resolved": "9.0.0",
        "contentHash": "F/pe4t8UXc65l0KFLoUDtYttoLI0qtXiWQ4HStw3Cq2ExaNARxS4isAvA6w0PNCyIs8dLxkaruJHeyKN8mK1lA==",
        "dependencies": {
          "Microsoft.Extensions.Configuration": "9.0.0",
          "Microsoft.Extensions.Hosting.Abstractions": "9.0.0",
          "Microsoft.Extensions.Options.ConfigurationExtensions": "9.0.0"
        }
      },
      "Microsoft.Extensions.Caching.Abstractions": {
        "type": "Transitive",
        "resolved": "10.0.2",
        "contentHash": "WIRPDa/qoKHmJhTAPCO/zLu9kRLQ2Fd6HD5tzgdXJ3xGEVXDHP6FvakKJjynwKrVDld8H4G4tcbW53wuC/wxMQ==",
        "dependencies": {
          "Microsoft.Extensions.Primitives": "10.0.2"
        }
      },
      "Microsoft.Extensions.Compliance.Abstractions": {
        "type": "Transitive",
        "resolved": "9.0.0",
        "contentHash": "Y85iXLdg55OYwJR23KvCYAPDaIa+723vus9WzLROVWMy0sblHlxVtPR01QR+mwVFbYiljqa9NknmELVitzxbXw==",
        "dependencies": {
          "Microsoft.Extensions.DependencyInjection.Abstractions": "9.0.0",
          "Microsoft.Extensions.ObjectPool": "9.0.0"
        }
      },
      "Microsoft.Extensions.Configuration": {
        "type": "Transitive",
        "resolved": "9.0.0",
        "contentHash": "YIMO9T3JL8MeEXgVozKt2v79hquo/EFtnY0vgxmLnUvk1Rei/halI7kOWZL2RBeV9FMGzgM9LZA8CVaNwFMaNA==",
        "dependencies": {
          "Microsoft.Extensions.Configuration.Abstractions": "9.0.0",
          "Microsoft.Extensions.Primitives": "9.0.0"
        }
      },
      "Microsoft.Extensions.Configuration.Abstractions": {
        "type": "Transitive",
        "resolved": "9.0.5",
        "contentHash": "ew0G6gIznnyAkbIa67wXspkDFcVektjN3xaDAfBDIPbWph+rbuGaaohFxUSGw28ht7wdcWtTtElKnzfkcDDbOQ==",
        "dependencies": {
          "Microsoft.Extensions.Primitives": "9.0.5"
        }
      },
      "Microsoft.Extensions.Configuration.Binder": {
        "type": "Transitive",
        "resolved": "9.0.0",
        "contentHash": "RiScL99DcyngY9zJA2ROrri7Br8tn5N4hP4YNvGdTN/bvg1A3dwvDOxHnNZ3Im7x2SJ5i4LkX1uPiR/MfSFBLQ==",
        "dependencies": {
          "Microsoft.Extensions.Configuration.Abstractions": "9.0.0"
        }
      },
      "Microsoft.Extensions.Configuration.CommandLine": {
        "type": "Transitive",
        "resolved": "8.0.0",
        "contentHash": "NZuZMz3Q8Z780nKX3ifV1fE7lS+6pynDHK71OfU4OZ1ItgvDOhyOC7E6z+JMZrAj63zRpwbdldYFk499t3+1dQ==",
        "dependencies": {
          "Microsoft.Extensions.Configuration": "8.0.0",
          "Microsoft.Extensions.Configuration.Abstractions": "8.0.0"
        }
      },
      "Microsoft.Extensions.Configuration.EnvironmentVariables": {
        "type": "Transitive",
        "resolved": "8.0.0",
        "contentHash": "plvZ0ZIpq+97gdPNNvhwvrEZ92kNml9hd1pe3idMA7svR0PztdzVLkoWLcRFgySYXUJc3kSM3Xw3mNFMo/bxRA==",
        "dependencies": {
          "Microsoft.Extensions.Configuration": "8.0.0",
          "Microsoft.Extensions.Configuration.Abstractions": "8.0.0"
        }
      },
      "Microsoft.Extensions.Configuration.FileExtensions": {
        "type": "Transitive",
        "resolved": "8.0.0",
        "contentHash": "McP+Lz/EKwvtCv48z0YImw+L1gi1gy5rHhNaNIY2CrjloV+XY8gydT8DjMR6zWeL13AFK+DioVpppwAuO1Gi1w==",
        "dependencies": {
          "Microsoft.Extensions.Configuration": "8.0.0",
          "Microsoft.Extensions.Configuration.Abstractions": "8.0.0",
          "Microsoft.Extensions.FileProviders.Abstractions": "8.0.0",
          "Microsoft.Extensions.FileProviders.Physical": "8.0.0",
          "Microsoft.Extensions.Primitives": "8.0.0"
        }
      },
      "Microsoft.Extensions.Configuration.Json": {
        "type": "Transitive",
        "resolved": "8.0.0",
        "contentHash": "C2wqUoh9OmRL1akaCcKSTmRU8z0kckfImG7zLNI8uyi47Lp+zd5LWAD17waPQEqCz3ioWOCrFUo+JJuoeZLOBw==",
        "dependencies": {
          "Microsoft.Extensions.Configuration": "8.0.0",
          "Microsoft.Extensions.Configuration.Abstractions": "8.0.0",
          "Microsoft.Extensions.Configuration.FileExtensions": "8.0.0",
          "Microsoft.Extensions.FileProviders.Abstractions": "8.0.0",
          "System.Text.Json": "8.0.0"
        }
      },
      "Microsoft.Extensions.Configuration.UserSecrets": {
        "type": "Transitive",
        "resolved": "8.0.0",
        "contentHash": "ihDHu2dJYQird9pl2CbdwuNDfvCZdOS0S7SPlNfhPt0B81UTT+yyZKz2pimFZGUp3AfuBRnqUCxB2SjsZKHVUw==",
        "dependencies": {
          "Microsoft.Extensions.Configuration.Abstractions": "8.0.0",
          "Microsoft.Extensions.Configuration.Json": "8.0.0",
          "Microsoft.Extensions.FileProviders.Abstractions": "8.0.0",
          "Microsoft.Extensions.FileProviders.Physical": "8.0.0"
        }
      },
      "Microsoft.Extensions.DependencyInjection": {
        "type": "Transitive",
        "resolved": "9.0.0",
        "contentHash": "MCPrg7v3QgNMr0vX4vzRXvkNGgLg8vKWX0nKCWUxu2uPyMsaRgiRc1tHBnbTcfJMhMKj2slE/j2M9oGkd25DNw==",
        "dependencies": {
          "Microsoft.Extensions.DependencyInjection.Abstractions": "9.0.0"
        }
      },
      "Microsoft.Extensions.DependencyInjection.Abstractions": {
        "type": "Transitive",
        "resolved": "10.0.2",
        "contentHash": "zOIurr59+kUf9vNcsUkCvKWZv+fPosUZXURZesYkJCvl0EzTc9F7maAO4Cd2WEV7ZJJ0AZrFQvuH6Npph9wdBw=="
      },
      "Microsoft.Extensions.DependencyInjection.AutoActivation": {
        "type": "Transitive",
        "resolved": "9.0.0",
        "contentHash": "Wv4APocpxkPf0zcEFDwGrdwP6tOOSSQ5ByHUxRYcvXu8CXY0N0Pf95usTVs605jG2txxLOpRESH6ficdPDNiTg==",
        "dependencies": {
          "Microsoft.Extensions.Hosting.Abstractions": "9.0.0"
        }
      },
      "Microsoft.Extensions.Diagnostics": {
        "type": "Transitive",
        "resolved": "9.0.0",
        "contentHash": "0CF9ZrNw5RAlRfbZuVIvzzhP8QeWqHiUmMBU/2H7Nmit8/vwP3/SbHeEctth7D4Gz2fBnEbokPc1NU8/j/1ZLw==",
        "dependencies": {
          "Microsoft.Extensions.Configuration": "9.0.0",
          "Microsoft.Extensions.Diagnostics.Abstractions": "9.0.0",
          "Microsoft.Extensions.Options.ConfigurationExtensions": "9.0.0"
        }
      },
      "Microsoft.Extensions.Diagnostics.Abstractions": {
        "type": "Transitive",
        "resolved": "9.0.5",
        "contentHash": "6YfTcULCYREMTqtk+s3UiszsFV2xN2FXtxdQpurmQJY9Cp/QGiM4MTKfJKUo7AzdLuzjOKKMWjQITmvtK7AsUg==",
        "dependencies": {
          "Microsoft.Extensions.DependencyInjection.Abstractions": "9.0.5",
          "Microsoft.Extensions.Options": "9.0.5"
        }
      },
      "Microsoft.Extensions.Diagnostics.ExceptionSummarization": {
        "type": "Transitive",
        "resolved": "9.0.0",
        "contentHash": "eRuTbk4jB0JcNEcYngXNAiLM6tpDyuUfFd13bPy/TJCdHU3IP+C7dZN7qu+Z7mOg3CmxS78YtRULQX8QhL+fMQ==",
        "dependencies": {
          "Microsoft.Extensions.DependencyInjection.Abstractions": "9.0.0"
        }
      },
      "Microsoft.Extensions.FileProviders.Abstractions": {
        "type": "Transitive",
        "resolved": "9.0.5",
        "contentHash": "LLm+e8lvD+jOI+blHRSxPqywPaohOTNcVzQv548R1UpkEiNB2D+zf3RrqxBdB1LDPicRMTnfiaKJovxF8oX1bQ==",
        "dependencies": {
          "Microsoft.Extensions.Primitives": "9.0.5"
        }
      },
      "Microsoft.Extensions.FileProviders.Physical": {
        "type": "Transitive",
        "resolved": "8.0.0",
        "contentHash": "UboiXxpPUpwulHvIAVE36Knq0VSHaAmfrFkegLyBZeaADuKezJ/AIXYAW8F5GBlGk/VaibN2k/Zn1ca8YAfVdA==",
        "dependencies": {
          "Microsoft.Extensions.FileProviders.Abstractions": "8.0.0",
          "Microsoft.Extensions.FileSystemGlobbing": "8.0.0",
          "Microsoft.Extensions.Primitives": "8.0.0"
        }
      },
      "Microsoft.Extensions.FileSystemGlobbing": {
        "type": "Transitive",
        "resolved": "8.0.0",
        "contentHash": "OK+670i7esqlQrPjdIKRbsyMCe9g5kSLpRRQGSr4Q58AOYEe/hCnfLZprh7viNisSUUQZmMrbbuDaIrP+V1ebQ=="
      },
      "Microsoft.Extensions.Hosting.Abstractions": {
        "type": "Transitive",
        "resolved": "9.0.5",
        "contentHash": "3GA/dxqkP6yFe18qYRgtKYuN2onC8NfhlpNN21jptkVKk7olqBTkdT49oL0pSEz2SptRsux7LocCU7+alGnEag==",
        "dependencies": {
          "Microsoft.Extensions.Configuration.Abstractions": "9.0.5",
          "Microsoft.Extensions.DependencyInjection.Abstractions": "9.0.5",
          "Microsoft.Extensions.Diagnostics.Abstractions": "9.0.5",
          "Microsoft.Extensions.FileProviders.Abstractions": "9.0.5",
          "Microsoft.Extensions.Logging.Abstractions": "9.0.5"
        }
      },
      "Microsoft.Extensions.Http": {
        "type": "Transitive",
        "resolved": "9.0.0",
        "contentHash": "DqI4q54U4hH7bIAq9M5a/hl5Odr/KBAoaZ0dcT4OgutD8dook34CbkvAfAIzkMVjYXiL+E5ul9etwwqiX4PHGw==",
        "dependencies": {
          "Microsoft.Extensions.Configuration.Abstractions": "9.0.0",
          "Microsoft.Extensions.DependencyInjection.Abstractions": "9.0.0",
          "Microsoft.Extensions.Diagnostics": "9.0.0",
          "Microsoft.Extensions.Logging": "9.0.0",
          "Microsoft.Extensions.Logging.Abstractions": "9.0.0",
          "Microsoft.Extensions.Options": "9.0.0"
        }
      },
      "Microsoft.Extensions.Http.Diagnostics": {
        "type": "Transitive",
        "resolved": "9.0.0",
        "contentHash": "68vpnYcWc/6WZQItq1P4bwJ5K14jFrj0BvFl7yIKwsGrQK+hvqU/1sqT/DnjmvgXSUAnTLluAtBIVMomadYD/g==",
        "dependencies": {
          "Microsoft.Extensions.DependencyInjection.AutoActivation": "9.0.0",
          "Microsoft.Extensions.Http": "9.0.0",
          "Microsoft.Extensions.Options.ConfigurationExtensions": "9.0.0",
          "Microsoft.Extensions.Telemetry": "9.0.0",
          "Microsoft.IO.RecyclableMemoryStream": "3.0.0"
        }
      },
      "Microsoft.Extensions.Logging": {
        "type": "Transitive",
        "resolved": "9.0.0",
        "contentHash": "crjWyORoug0kK7RSNJBTeSE6VX8IQgLf3nUpTB9m62bPXp/tzbnOsnbe8TXEG0AASNaKZddnpHKw7fET8E++Pg==",
        "dependencies": {
          "Microsoft.Extensions.DependencyInjection": "9.0.0",
          "Microsoft.Extensions.Logging.Abstractions": "9.0.0",
          "Microsoft.Extensions.Options": "9.0.0"
        }
      },
      "Microsoft.Extensions.Logging.Abstractions": {
        "type": "Transitive",
        "resolved": "10.0.2",
        "contentHash": "RZkez/JjpnO+MZ6efKkSynN6ZztLpw3WbxNzjLCPBd97wWj1S9ZYPWi0nmT4kWBRa6atHsdM1ydGkUr8GudyDQ==",
        "dependencies": {
          "Microsoft.Extensions.DependencyInjection.Abstractions": "10.0.2",
          "System.Diagnostics.DiagnosticSource": "10.0.2"
        }
      },
      "Microsoft.Extensions.Logging.Configuration": {
        "type": "Transitive",
        "resolved": "9.0.0",
        "contentHash": "H05HiqaNmg6GjH34ocYE9Wm1twm3Oz2aXZko8GTwGBzM7op2brpAA8pJ5yyD1OpS1mXUtModBYOlcZ/wXeWsSg==",
        "dependencies": {
          "Microsoft.Extensions.Configuration": "9.0.0",
          "Microsoft.Extensions.Configuration.Abstractions": "9.0.0",
          "Microsoft.Extensions.Configuration.Binder": "9.0.0",
          "Microsoft.Extensions.DependencyInjection.Abstractions": "9.0.0",
          "Microsoft.Extensions.Logging": "9.0.0",
          "Microsoft.Extensions.Logging.Abstractions": "9.0.0",
          "Microsoft.Extensions.Options": "9.0.0",
          "Microsoft.Extensions.Options.ConfigurationExtensions": "9.0.0"
        }
      },
      "Microsoft.Extensions.Logging.Console": {
        "type": "Transitive",
        "resolved": "8.0.0",
        "contentHash": "e+48o7DztoYog+PY430lPxrM4mm3PbA6qucvQtUDDwVo4MO+ejMw7YGc/o2rnxbxj4isPxdfKFzTxvXMwAz83A==",
        "dependencies": {
          "Microsoft.Extensions.DependencyInjection.Abstractions": "8.0.0",
          "Microsoft.Extensions.Logging": "8.0.0",
          "Microsoft.Extensions.Logging.Abstractions": "8.0.0",
          "Microsoft.Extensions.Logging.Configuration": "8.0.0",
          "Microsoft.Extensions.Options": "8.0.0",
          "System.Text.Json": "8.0.0"
        }
      },
      "Microsoft.Extensions.Logging.Debug": {
        "type": "Transitive",
        "resolved": "8.0.0",
        "contentHash": "dt0x21qBdudHLW/bjMJpkixv858RRr8eSomgVbU8qljOyfrfDGi1JQvpF9w8S7ziRPtRKisuWaOwFxJM82GxeA==",
        "dependencies": {
          "Microsoft.Extensions.DependencyInjection.Abstractions": "8.0.0",
          "Microsoft.Extensions.Logging": "8.0.0",
          "Microsoft.Extensions.Logging.Abstractions": "8.0.0"
        }
      },
      "Microsoft.Extensions.Logging.EventLog": {
        "type": "Transitive",
        "resolved": "8.0.0",
        "contentHash": "3X9D3sl7EmOu7vQp5MJrmIJBl5XSdOhZPYXUeFfYa6Nnm9+tok8x3t3IVPLhm7UJtPOU61ohFchw8rNm9tIYOQ==",
        "dependencies": {
          "Microsoft.Extensions.DependencyInjection.Abstractions": "8.0.0",
          "Microsoft.Extensions.Logging": "8.0.0",
          "Microsoft.Extensions.Logging.Abstractions": "8.0.0",
          "Microsoft.Extensions.Options": "8.0.0",
          "System.Diagnostics.EventLog": "8.0.0"
        }
      },
      "Microsoft.Extensions.Logging.EventSource": {
        "type": "Transitive",
        "resolved": "8.0.0",
        "contentHash": "oKcPMrw+luz2DUAKhwFXrmFikZWnyc8l2RKoQwqU3KIZZjcfoJE0zRHAnqATfhRZhtcbjl/QkiY2Xjxp0xu+6w==",
        "dependencies": {
          "Microsoft.Extensions.DependencyInjection.Abstractions": "8.0.0",
          "Microsoft.Extensions.Logging": "8.0.0",
          "Microsoft.Extensions.Logging.Abstractions": "8.0.0",
          "Microsoft.Extensions.Options": "8.0.0",
          "Microsoft.Extensions.Primitives": "8.0.0",
          "System.Text.Json": "8.0.0"
        }
      },
      "Microsoft.Extensions.ObjectPool": {
        "type": "Transitive",
        "resolved": "9.0.0",
        "contentHash": "UbsU/gYe4nv1DeqMXIVzDfNNek7Sk2kKuAOXL/Y+sLcAR0HwFUqzg1EPiU88jeHNe0g81aPvvHbvHarQr3r9IA=="
      },
      "Microsoft.Extensions.Options": {
        "type": "Transitive",
        "resolved": "9.0.5",
        "contentHash": "vPdJQU8YLOUSSK8NL0RmwcXJr2E0w8xH559PGQl4JYsglgilZr9LZnqV2zdgk+XR05+kuvhBEZKoDVd46o7NqA==",
        "dependencies": {
          "Microsoft.Extensions.DependencyInjection.Abstractions": "9.0.5",
          "Microsoft.Extensions.Primitives": "9.0.5"
        }
      },
      "Microsoft.Extensions.Options.ConfigurationExtensions": {
        "type": "Transitive",
        "resolved": "9.0.0",
        "contentHash": "Ob3FXsXkcSMQmGZi7qP07EQ39kZpSBlTcAZLbJLdI4FIf0Jug8biv2HTavWmnTirchctPlq9bl/26CXtQRguzA==",
        "dependencies": {
          "Microsoft.Extensions.Configuration.Abstractions": "9.0.0",
          "Microsoft.Extensions.Configuration.Binder": "9.0.0",
          "Microsoft.Extensions.DependencyInjection.Abstractions": "9.0.0",
          "Microsoft.Extensions.Options": "9.0.0",
          "Microsoft.Extensions.Primitives": "9.0.0"
        }
      },
      "Microsoft.Extensions.Primitives": {
        "type": "Transitive",
        "resolved": "10.0.2",
        "contentHash": "QmSiO+oLBEooGgB3i0GRXyeYRDHjllqt3k365jwfZlYWhvSHA3UL2NEVV5m8aZa041eIlblo6KMI5txvTMpTwA=="
      },
      "Microsoft.Extensions.Resilience": {
        "type": "Transitive",
        "resolved": "9.0.0",
        "contentHash": "ZwG0HaAUbtTaQ6gTnSXd+2mmh3oWbjh+/HKQJRxjBpIOmdKXVCJrs7N6nbVzAZ7GS6eilR1XJFZmjDyJ8QGhRA==",
        "dependencies": {
          "Microsoft.Extensions.Diagnostics": "9.0.0",
          "Microsoft.Extensions.Diagnostics.ExceptionSummarization": "9.0.0",
          "Microsoft.Extensions.Options.ConfigurationExtensions": "9.0.0",
          "Microsoft.Extensions.Telemetry.Abstractions": "9.0.0",
          "Polly.Extensions": "8.4.2",
          "Polly.RateLimiting": "8.4.2"
        }
      },
      "Microsoft.Extensions.Telemetry": {
        "type": "Transitive",
        "resolved": "9.0.0",
        "contentHash": "aid79SF7sJmn/rpliUscwV3gnDOjqx1GmG+R/5E9mK8Cy5tNhEcGnak7RW9RSOOCzqpLEP3jOwdcH3YZ2F/kNA==",
        "dependencies": {
          "Microsoft.Extensions.AmbientMetadata.Application": "9.0.0",
          "Microsoft.Extensions.DependencyInjection.AutoActivation": "9.0.0",
          "Microsoft.Extensions.Logging.Configuration": "9.0.0",
          "Microsoft.Extensions.ObjectPool": "9.0.0",
          "Microsoft.Extensions.Telemetry.Abstractions": "9.0.0"
        }
      },
      "Microsoft.Extensions.Telemetry.Abstractions": {
        "type": "Transitive",
        "resolved": "9.0.0",
        "contentHash": "F84i7q3FleH1kjmaSuslZ33yzWtzxZXWjd1ylXcuwM5jNjWN2ifJSO0xQ5c5BYWZA5VeIWWUWupIYr6+3TnDqA==",
        "dependencies": {
          "Microsoft.Extensions.Compliance.Abstractions": "9.0.0",
          "Microsoft.Extensions.Logging.Abstractions": "9.0.0",
          "Microsoft.Extensions.ObjectPool": "9.0.0",
          "Microsoft.Extensions.Options": "9.0.0"
        }
      },
      "Microsoft.IO.RecyclableMemoryStream": {
        "type": "Transitive",
        "resolved": "3.0.0",
        "contentHash": "irv0HuqoH8Ig5i2fO+8dmDNdFdsrO+DoQcedwIlb810qpZHBNQHZLW7C/AHBQDgLLpw2T96vmMAy/aE4Yj55Sg=="
      },
      "ModelContextProtocol.Core": {
        "type": "Transitive",
        "resolved": "0.3.0-preview.4",
        "contentHash": "VZ3gd+1St3Kbg9UCTrOB0m7GE9Y2Elk73pBGvv4E13nIA0g4uV4rd4NXX0ffS2nV37K957dXa9CtAstfn9kb/Q==",
        "dependencies": {
          "Microsoft.Extensions.AI.Abstractions": "9.7.1",
          "Microsoft.Extensions.Logging.Abstractions": "9.0.5",
          "System.Net.ServerSentEvents": "10.0.0-preview.4.25258.110"
        }
      },
      "Polly.Core": {
        "type": "Transitive",
        "resolved": "8.4.2",
        "contentHash": "BpE2I6HBYYA5tF0Vn4eoQOGYTYIK1BlF5EXVgkWGn3mqUUjbXAr13J6fZVbp7Q3epRR8yshacBMlsHMhpOiV3g=="
      },
      "Polly.Extensions": {
        "type": "Transitive",
        "resolved": "8.4.2",
        "contentHash": "GZ9vRVmR0jV2JtZavt+pGUsQ1O1cuRKG7R7VOZI6ZDy9y6RNPvRvXK1tuS4ffUrv8L0FTea59oEuQzgS0R7zSA==",
        "dependencies": {
          "Microsoft.Extensions.Logging.Abstractions": "8.0.0",
          "Microsoft.Extensions.Options": "8.0.0",
          "Polly.Core": "8.4.2"
        }
      },
      "Polly.RateLimiting": {
        "type": "Transitive",
        "resolved": "8.4.2",
        "contentHash": "ehTImQ/eUyO07VYW2WvwSmU9rRH200SKJ/3jku9rOkyWE0A2JxNFmAVms8dSn49QLSjmjFRRSgfNyOgr/2PSmA==",
        "dependencies": {
          "Polly.Core": "8.4.2",
          "System.Threading.RateLimiting": "8.0.0"
        }
      },
      "sqlite-vec": {
        "type": "Transitive",
        "resolved": "0.1.7-alpha.2.1",
        "contentHash": "JCN6wMW9cX7e6tO6BZRBEdLT1qq8cRlQ5AdPvl6ZRjTKOJ2JjQXYI+wIAMb4EOXiDbbpt0IIv5rkkbPOMlrkRQ=="
      },
      "SQLitePCLRaw.bundle_e_sqlite3": {
        "type": "Transitive",
        "resolved": "2.1.10",
        "contentHash": "UxWuisvZ3uVcVOLJQv7urM/JiQH+v3TmaJc1BLKl5Dxfm/nTzTUrqswCqg/INiYLi61AXnHo1M1JPmPqqLnAdg==",
        "dependencies": {
          "SQLitePCLRaw.lib.e_sqlite3": "2.1.10",
          "SQLitePCLRaw.provider.e_sqlite3": "2.1.10"
        }
      },
      "SQLitePCLRaw.core": {
        "type": "Transitive",
        "resolved": "2.1.10",
        "contentHash": "Ii8JCbC7oiVclaE/mbDEK000EFIJ+ShRPwAvvV89GOZhQ+ZLtlnSWl6ksCNMKu/VGXA4Nfi2B7LhN/QFN9oBcw==",
        "dependencies": {
          "System.Memory": "4.5.3"
        }
      },
      "SQLitePCLRaw.lib.e_sqlite3": {
        "type": "Transitive",
        "resolved": "2.1.10",
        "contentHash": "mAr69tDbnf3QJpRy2nJz8Qdpebdil00fvycyByR58Cn9eARvR+UiG2Vzsp+4q1tV3ikwiYIjlXCQFc12GfebbA=="
      },
      "SQLitePCLRaw.provider.e_sqlite3": {
        "type": "Transitive",
        "resolved": "2.1.10",
        "contentHash": "uZVTi02C1SxqzgT0HqTWatIbWGb40iIkfc3FpFCpE/r7g6K0PqzDUeefL6P6HPhDtc6BacN3yQysfzP7ks+wSQ==",
        "dependencies": {
          "SQLitePCLRaw.core": "2.1.10"
        }
      },
      "System.ClientModel": {
        "type": "Transitive",
        "resolved": "1.8.1",
        "contentHash": "4oUQgw/vaO4FBOk3YsH40hbrjxRED1l95rRLvTMtHXfQxapXya9IfPpm/KgwValFFtYTfYGFOs/qzGmGyexicQ==",
        "dependencies": {
          "Microsoft.Extensions.Logging.Abstractions": "8.0.3",
          "System.Memory.Data": "8.0.1"
        }
      },
      "System.Diagnostics.DiagnosticSource": {
        "type": "Transitive",
        "resolved": "10.0.2",
        "contentHash": "lYWBy8fKkJHaRcOuw30d67PrtVjR5754sz5Wl76s8P+vJ9FSThh9b7LIcTSODx1LY7NB3Srvg+JMnzd67qNZOw=="
      },
      "System.Diagnostics.EventLog": {
        "type": "Transitive",
        "resolved": "8.0.0",
        "contentHash": "fdYxcRjQqTTacKId/2IECojlDSFvp7LP5N78+0z/xH7v/Tuw5ZAxu23Y6PTCRinqyu2ePx+Gn1098NC6jM6d+A=="
      },
      "System.IO.Pipelines": {
        "type": "Transitive",
        "resolved": "10.0.2",
        "contentHash": "EqMsn9r18ABvTDxrDce4OWDhBE3y+rR23ilG7Y3BudDKrDKrLG/hkD/JmeFZbctAPxSkCjyJ/Ddwbn/g7ufRJA=="
      },
      "System.Linq.AsyncEnumerable": {
        "type": "Transitive",
        "resolved": "10.0.0",
        "contentHash": "t1jnw7So3eeZVemma+82w+Y394oPX1bebkr3gY3IzyotP3kKC/JWwGRz2WssoUFODWWvkACT2hXliumgCHu9LQ=="
      },
      "System.Memory": {
        "type": "Transitive",
        "resolved": "4.5.3",
        "contentHash": "3oDzvc/zzetpTKWMShs1AADwZjQ/36HnsufHRPcOjyRAAMLDlu2iD33MBI2opxnezcVUtXyqDXXjoFMOU9c7SA=="
      },
      "System.Memory.Data": {
        "type": "Transitive",
        "resolved": "8.0.1",
        "contentHash": "BVYuec3jV23EMRDeR7Dr1/qhx7369dZzJ9IWy2xylvb4YfXsrUxspWc4UWYid/tj4zZK58uGZqn2WQiaDMhmAg=="
      },
      "System.Net.ServerSentEvents": {
        "type": "Transitive",
        "resolved": "10.0.0-preview.4.25258.110",
        "contentHash": "5SG8yFN0e6y3VVaCMWSRYdDW15Apzg2LQoYUtl+jFrGb/+RLSMYmIdU9hO1hbHqpU0JD/lfBlCox0FebdAGGOQ=="
      },
      "System.Numerics.Tensors": {
        "type": "Transitive",
        "resolved": "10.0.2",
        "contentHash": "EzimXy5WX7RJxf1pHBfolBApA4GR7qje1cY9XofD4C+cQepx0a5ZVlZjde8NHk+W1+6kltrbbfa8LIOVpTM6yQ=="
      },
      "System.Text.Encodings.Web": {
        "type": "Transitive",
        "resolved": "10.0.2",
        "contentHash": "Ro4cLT4qpRy64crfLAy3ekihtXckeXrD5eI6qb6NDSEVyHcHsmH7KgN4dbnIuiBmXIoaCslx4SynLYxag1SLSQ=="
      },
      "System.Text.Json": {
        "type": "Transitive",
        "resolved": "10.0.2",
        "contentHash": "zy8ey7I16G9neZ6uzxrnYwS7pidElzN8XarsBjGu7lE2m7afTKMEe18KbY3ZSmh/z/bR40oxjd6hlUcmOEaMHw==",
        "dependencies": {
          "System.IO.Pipelines": "10.0.2",
          "System.Text.Encodings.Web": "10.0.2"
        }
      },
      "System.Threading.Channels": {
        "type": "Transitive",
        "resolved": "10.0.2",
        "contentHash": "knsF221yxwV4R17WUjMD/AlE3+po8q0D94GYwHN/grrSs3t7WSzQyJi0vIQ9e52jeHRU9XFf5AI6BnRS+G3RAA=="
      },
      "System.Threading.RateLimiting": {
        "type": "Transitive",
        "resolved": "8.0.0",
        "contentHash": "7mu9v0QDv66ar3DpGSZHg9NuNcxDaaAcnMULuZlaTpP9+hwXhrxNGsF5GmLkSHxFdb5bBc1TzeujsRgTrPWi+Q=="
      }
    }
  }
}